// !$*UTF8*$!
{
	archiveVersion = 1;
	classes = {
	};
	objectVersion = 56;
	objects = {

/* Begin PBXBuildFile section */
		44284B6D2C80F33900D14989 /* BackgroundView.swift in Sources */ = {isa = PBXBuildFile; fileRef = 44284B6C2C80F33900D14989 /* BackgroundView.swift */; };
		44284B732C8108CC00D14989 /* SnapshotTests.swift in Sources */ = {isa = PBXBuildFile; fileRef = 44284B722C8108CC00D14989 /* SnapshotTests.swift */; };
		444DE4852CC6EDFB00020701 /* ZodiacKit in Frameworks */ = {isa = PBXBuildFile; productRef = 444DE4842CC6EDFB00020701 /* ZodiacKit */; };
		446315A62CC5944A008EB068 /* DailyHoroscopeRepository.swift in Sources */ = {isa = PBXBuildFile; fileRef = 446315A42CC5944A008EB068 /* DailyHoroscopeRepository.swift */; };
		446315AD2CC5945A008EB068 /* RepositoryMock.swift in Sources */ = {isa = PBXBuildFile; fileRef = 446315A92CC5945A008EB068 /* RepositoryMock.swift */; };
		446315AE2CC5945A008EB068 /* ZodiacViewModelTest.swift in Sources */ = {isa = PBXBuildFile; fileRef = 446315AB2CC5945A008EB068 /* ZodiacViewModelTest.swift */; };
		446315AF2CC5945A008EB068 /* ErrorMock.swift in Sources */ = {isa = PBXBuildFile; fileRef = 446315A72CC5945A008EB068 /* ErrorMock.swift */; };
		446315B02CC5945A008EB068 /* ModelMocks.swift in Sources */ = {isa = PBXBuildFile; fileRef = 446315A82CC5945A008EB068 /* ModelMocks.swift */; };
		446315B22CC6DDA0008EB068 /* ZodiacSigns.swift in Sources */ = {isa = PBXBuildFile; fileRef = 446315B12CC6DD9B008EB068 /* ZodiacSigns.swift */; };
		446315B42CC6DEA0008EB068 /* FindZodiacView.swift in Sources */ = {isa = PBXBuildFile; fileRef = 446315B32CC6DEA0008EB068 /* FindZodiacView.swift */; };
		447B84C02CBDAB4A00B91B8A /* DailyZodiacView.swift in Sources */ = {isa = PBXBuildFile; fileRef = 447B84BF2CBDAB4A00B91B8A /* DailyZodiacView.swift */; };
		449415BC2CA00B9300080EE1 /* ChooseZodiacSignView.swift in Sources */ = {isa = PBXBuildFile; fileRef = 449415BB2CA00B9300080EE1 /* ChooseZodiacSignView.swift */; };
		449415C02CA02B4100080EE1 /* ZodiacViewModel.swift in Sources */ = {isa = PBXBuildFile; fileRef = 449415BF2CA02B4100080EE1 /* ZodiacViewModel.swift */; };
		449415C32CA0445400080EE1 /* DailyHoroscope.swift in Sources */ = {isa = PBXBuildFile; fileRef = 449415C22CA0445400080EE1 /* DailyHoroscope.swift */; };
		449415C62CA0454500080EE1 /* NetworkManager.swift in Sources */ = {isa = PBXBuildFile; fileRef = 449415C52CA0454500080EE1 /* NetworkManager.swift */; };
		44E7748A2C810F3100BCD35D /* InlineSnapshotTesting in Frameworks */ = {isa = PBXBuildFile; productRef = 44E774892C810F3100BCD35D /* InlineSnapshotTesting */; };
		44E7748C2C810F3100BCD35D /* SnapshotTesting in Frameworks */ = {isa = PBXBuildFile; productRef = 44E7748B2C810F3100BCD35D /* SnapshotTesting */; };
		44E7748E2C810FA800BCD35D /* View+toVC.swift in Sources */ = {isa = PBXBuildFile; fileRef = 44E7748D2C810FA800BCD35D /* View+toVC.swift */; };
		44EB01312C45AECE00120240 /* Zodiac_WhisperApp.swift in Sources */ = {isa = PBXBuildFile; fileRef = 44EB01302C45AECE00120240 /* Zodiac_WhisperApp.swift */; };
		44EB01332C45AECE00120240 /* MainPageView.swift in Sources */ = {isa = PBXBuildFile; fileRef = 44EB01322C45AECE00120240 /* MainPageView.swift */; };
		44EB01352C45AED100120240 /* Assets.xcassets in Resources */ = {isa = PBXBuildFile; fileRef = 44EB01342C45AED100120240 /* Assets.xcassets */; };
		44EB01382C45AED100120240 /* Preview Assets.xcassets in Resources */ = {isa = PBXBuildFile; fileRef = 44EB01372C45AED100120240 /* Preview Assets.xcassets */; };
		44EB01422C45AED100120240 /* Zodiac_WhisperTests.swift in Sources */ = {isa = PBXBuildFile; fileRef = 44EB01412C45AED100120240 /* Zodiac_WhisperTests.swift */; };
		44EB014C2C45AED100120240 /* Zodiac_WhisperUITests.swift in Sources */ = {isa = PBXBuildFile; fileRef = 44EB014B2C45AED100120240 /* Zodiac_WhisperUITests.swift */; };
		44EB014E2C45AED100120240 /* Zodiac_WhisperUITestsLaunchTests.swift in Sources */ = {isa = PBXBuildFile; fileRef = 44EB014D2C45AED100120240 /* Zodiac_WhisperUITestsLaunchTests.swift */; };
		44EB015C2C45AF7000120240 /* anti-design.ttf in Resources */ = {isa = PBXBuildFile; fileRef = 44EB015B2C45AF7000120240 /* anti-design.ttf */; };
		44EB015F2C45B1FD00120240 /* Uphoria Endeavour - Demo.ttf in Resources */ = {isa = PBXBuildFile; fileRef = 44EB015E2C45B1FD00120240 /* Uphoria Endeavour - Demo.ttf */; };
/* End PBXBuildFile section */

/* Begin PBXContainerItemProxy section */
		44EB013E2C45AED100120240 /* PBXContainerItemProxy */ = {
			isa = PBXContainerItemProxy;
			containerPortal = 44EB01252C45AECE00120240 /* Project object */;
			proxyType = 1;
			remoteGlobalIDString = 44EB012C2C45AECE00120240;
			remoteInfo = "Zodiac Whisper";
		};
		44EB01482C45AED100120240 /* PBXContainerItemProxy */ = {
			isa = PBXContainerItemProxy;
			containerPortal = 44EB01252C45AECE00120240 /* Project object */;
			proxyType = 1;
			remoteGlobalIDString = 44EB012C2C45AECE00120240;
			remoteInfo = "Zodiac Whisper";
		};
/* End PBXContainerItemProxy section */

/* Begin PBXFileReference section */
		44284B6C2C80F33900D14989 /* BackgroundView.swift */ = {isa = PBXFileReference; lastKnownFileType = sourcecode.swift; path = BackgroundView.swift; sourceTree = "<group>"; };
		44284B722C8108CC00D14989 /* SnapshotTests.swift */ = {isa = PBXFileReference; lastKnownFileType = sourcecode.swift; path = SnapshotTests.swift; sourceTree = "<group>"; };
		446315A42CC5944A008EB068 /* DailyHoroscopeRepository.swift */ = {isa = PBXFileReference; lastKnownFileType = sourcecode.swift; path = DailyHoroscopeRepository.swift; sourceTree = "<group>"; };
		446315A72CC5945A008EB068 /* ErrorMock.swift */ = {isa = PBXFileReference; lastKnownFileType = sourcecode.swift; path = ErrorMock.swift; sourceTree = "<group>"; };
		446315A82CC5945A008EB068 /* ModelMocks.swift */ = {isa = PBXFileReference; lastKnownFileType = sourcecode.swift; path = ModelMocks.swift; sourceTree = "<group>"; };
		446315A92CC5945A008EB068 /* RepositoryMock.swift */ = {isa = PBXFileReference; lastKnownFileType = sourcecode.swift; path = RepositoryMock.swift; sourceTree = "<group>"; };
		446315AB2CC5945A008EB068 /* ZodiacViewModelTest.swift */ = {isa = PBXFileReference; lastKnownFileType = sourcecode.swift; path = ZodiacViewModelTest.swift; sourceTree = "<group>"; };
		446315B12CC6DD9B008EB068 /* ZodiacSigns.swift */ = {isa = PBXFileReference; lastKnownFileType = sourcecode.swift; path = ZodiacSigns.swift; sourceTree = "<group>"; };
		446315B32CC6DEA0008EB068 /* FindZodiacView.swift */ = {isa = PBXFileReference; lastKnownFileType = sourcecode.swift; path = FindZodiacView.swift; sourceTree = "<group>"; };
		447B84BF2CBDAB4A00B91B8A /* DailyZodiacView.swift */ = {isa = PBXFileReference; lastKnownFileType = sourcecode.swift; path = DailyZodiacView.swift; sourceTree = "<group>"; };
		449415BB2CA00B9300080EE1 /* ChooseZodiacSignView.swift */ = {isa = PBXFileReference; lastKnownFileType = sourcecode.swift; path = ChooseZodiacSignView.swift; sourceTree = "<group>"; };
		449415BF2CA02B4100080EE1 /* ZodiacViewModel.swift */ = {isa = PBXFileReference; lastKnownFileType = sourcecode.swift; path = ZodiacViewModel.swift; sourceTree = "<group>"; };
		449415C22CA0445400080EE1 /* DailyHoroscope.swift */ = {isa = PBXFileReference; lastKnownFileType = sourcecode.swift; path = DailyHoroscope.swift; sourceTree = "<group>"; };
		449415C52CA0454500080EE1 /* NetworkManager.swift */ = {isa = PBXFileReference; lastKnownFileType = sourcecode.swift; path = NetworkManager.swift; sourceTree = "<group>"; };
		44E7748D2C810FA800BCD35D /* View+toVC.swift */ = {isa = PBXFileReference; lastKnownFileType = sourcecode.swift; path = "View+toVC.swift"; sourceTree = "<group>"; };
		44EB012D2C45AECE00120240 /* Zodiac Whisper.app */ = {isa = PBXFileReference; explicitFileType = wrapper.application; includeInIndex = 0; path = "Zodiac Whisper.app"; sourceTree = BUILT_PRODUCTS_DIR; };
		44EB01302C45AECE00120240 /* Zodiac_WhisperApp.swift */ = {isa = PBXFileReference; lastKnownFileType = sourcecode.swift; path = Zodiac_WhisperApp.swift; sourceTree = "<group>"; };
		44EB01322C45AECE00120240 /* MainPageView.swift */ = {isa = PBXFileReference; lastKnownFileType = sourcecode.swift; path = MainPageView.swift; sourceTree = "<group>"; };
		44EB01342C45AED100120240 /* Assets.xcassets */ = {isa = PBXFileReference; lastKnownFileType = folder.assetcatalog; path = Assets.xcassets; sourceTree = "<group>"; };
		44EB01372C45AED100120240 /* Preview Assets.xcassets */ = {isa = PBXFileReference; lastKnownFileType = folder.assetcatalog; path = "Preview Assets.xcassets"; sourceTree = "<group>"; };
		44EB013D2C45AED100120240 /* Zodiac WhisperTests.xctest */ = {isa = PBXFileReference; explicitFileType = wrapper.cfbundle; includeInIndex = 0; path = "Zodiac WhisperTests.xctest"; sourceTree = BUILT_PRODUCTS_DIR; };
		44EB01412C45AED100120240 /* Zodiac_WhisperTests.swift */ = {isa = PBXFileReference; lastKnownFileType = sourcecode.swift; path = Zodiac_WhisperTests.swift; sourceTree = "<group>"; };
		44EB01472C45AED100120240 /* Zodiac WhisperUITests.xctest */ = {isa = PBXFileReference; explicitFileType = wrapper.cfbundle; includeInIndex = 0; path = "Zodiac WhisperUITests.xctest"; sourceTree = BUILT_PRODUCTS_DIR; };
		44EB014B2C45AED100120240 /* Zodiac_WhisperUITests.swift */ = {isa = PBXFileReference; lastKnownFileType = sourcecode.swift; path = Zodiac_WhisperUITests.swift; sourceTree = "<group>"; };
		44EB014D2C45AED100120240 /* Zodiac_WhisperUITestsLaunchTests.swift */ = {isa = PBXFileReference; lastKnownFileType = sourcecode.swift; path = Zodiac_WhisperUITestsLaunchTests.swift; sourceTree = "<group>"; };
		44EB015B2C45AF7000120240 /* anti-design.ttf */ = {isa = PBXFileReference; lastKnownFileType = file; path = "anti-design.ttf"; sourceTree = "<group>"; };
		44EB015D2C45B01B00120240 /* Zodiac-Whisper-Info.plist */ = {isa = PBXFileReference; lastKnownFileType = text.plist; path = "Zodiac-Whisper-Info.plist"; sourceTree = SOURCE_ROOT; };
		44EB015E2C45B1FD00120240 /* Uphoria Endeavour - Demo.ttf */ = {isa = PBXFileReference; lastKnownFileType = file; path = "Uphoria Endeavour - Demo.ttf"; sourceTree = "<group>"; };
/* End PBXFileReference section */

/* Begin PBXFrameworksBuildPhase section */
		44EB012A2C45AECE00120240 /* Frameworks */ = {
			isa = PBXFrameworksBuildPhase;
			buildActionMask = 2147483647;
			files = (
				444DE4852CC6EDFB00020701 /* ZodiacKit in Frameworks */,
			);
			runOnlyForDeploymentPostprocessing = 0;
		};
		44EB013A2C45AED100120240 /* Frameworks */ = {
			isa = PBXFrameworksBuildPhase;
			buildActionMask = 2147483647;
			files = (
				44E7748A2C810F3100BCD35D /* InlineSnapshotTesting in Frameworks */,
				44E7748C2C810F3100BCD35D /* SnapshotTesting in Frameworks */,
			);
			runOnlyForDeploymentPostprocessing = 0;
		};
		44EB01442C45AED100120240 /* Frameworks */ = {
			isa = PBXFrameworksBuildPhase;
			buildActionMask = 2147483647;
			files = (
			);
			runOnlyForDeploymentPostprocessing = 0;
		};
/* End PBXFrameworksBuildPhase section */

/* Begin PBXGroup section */
		44284B6B2C80EA6900D14989 /* Views */ = {
			isa = PBXGroup;
			children = (
				44EB01322C45AECE00120240 /* MainPageView.swift */,
				44284B6C2C80F33900D14989 /* BackgroundView.swift */,
				449415BB2CA00B9300080EE1 /* ChooseZodiacSignView.swift */,
				447B84BF2CBDAB4A00B91B8A /* DailyZodiacView.swift */,
				446315B32CC6DEA0008EB068 /* FindZodiacView.swift */,
			);
			path = Views;
			sourceTree = "<group>";
		};
		44284B712C8108AF00D14989 /* SnapshotTests */ = {
			isa = PBXGroup;
			children = (
				44284B722C8108CC00D14989 /* SnapshotTests.swift */,
				44E7748D2C810FA800BCD35D /* View+toVC.swift */,
			);
			path = SnapshotTests;
			sourceTree = "<group>";
		};
		446315A52CC5944A008EB068 /* NetworkCalls */ = {
			isa = PBXGroup;
			children = (
				446315A42CC5944A008EB068 /* DailyHoroscopeRepository.swift */,
			);
			path = NetworkCalls;
			sourceTree = "<group>";
		};
		446315AA2CC5945A008EB068 /* Mocks */ = {
			isa = PBXGroup;
			children = (
				446315A72CC5945A008EB068 /* ErrorMock.swift */,
				446315A82CC5945A008EB068 /* ModelMocks.swift */,
				446315A92CC5945A008EB068 /* RepositoryMock.swift */,
			);
			path = Mocks;
			sourceTree = "<group>";
		};
		446315AC2CC5945A008EB068 /* ViewModelTests */ = {
			isa = PBXGroup;
			children = (
				446315AB2CC5945A008EB068 /* ZodiacViewModelTest.swift */,
			);
			path = ViewModelTests;
			sourceTree = "<group>";
		};
		449415BD2CA02B1B00080EE1 /* ViewModels */ = {
			isa = PBXGroup;
			children = (
				449415BF2CA02B4100080EE1 /* ZodiacViewModel.swift */,
			);
			path = ViewModels;
			sourceTree = "<group>";
		};
		449415C12CA0444800080EE1 /* Models */ = {
			isa = PBXGroup;
			children = (
				446315B12CC6DD9B008EB068 /* ZodiacSigns.swift */,
				449415C22CA0445400080EE1 /* DailyHoroscope.swift */,
			);
			path = Models;
			sourceTree = "<group>";
		};
		449415C42CA0453200080EE1 /* NetworkManager */ = {
			isa = PBXGroup;
			children = (
				449415C52CA0454500080EE1 /* NetworkManager.swift */,
			);
			path = NetworkManager;
			sourceTree = "<group>";
		};
		44E774872C810E4E00BCD35D /* Frameworks */ = {
			isa = PBXGroup;
			children = (
			);
			name = Frameworks;
			sourceTree = "<group>";
		};
		44EB01242C45AECE00120240 = {
			isa = PBXGroup;
			children = (
				44EB012F2C45AECE00120240 /* Zodiac Whisper */,
				44EB01402C45AED100120240 /* Zodiac WhisperTests */,
				44EB014A2C45AED100120240 /* Zodiac WhisperUITests */,
				44EB012E2C45AECE00120240 /* Products */,
				44E774872C810E4E00BCD35D /* Frameworks */,
			);
			sourceTree = "<group>";
		};
		44EB012E2C45AECE00120240 /* Products */ = {
			isa = PBXGroup;
			children = (
				44EB012D2C45AECE00120240 /* Zodiac Whisper.app */,
				44EB013D2C45AED100120240 /* Zodiac WhisperTests.xctest */,
				44EB01472C45AED100120240 /* Zodiac WhisperUITests.xctest */,
			);
			name = Products;
			sourceTree = "<group>";
		};
		44EB012F2C45AECE00120240 /* Zodiac Whisper */ = {
			isa = PBXGroup;
			children = (
				449415C42CA0453200080EE1 /* NetworkManager */,
				449415C12CA0444800080EE1 /* Models */,
				449415BD2CA02B1B00080EE1 /* ViewModels */,
				44284B6B2C80EA6900D14989 /* Views */,
				44EB015D2C45B01B00120240 /* Zodiac-Whisper-Info.plist */,
				44EB015A2C45AF5900120240 /* Fonts */,
				44EB01302C45AECE00120240 /* Zodiac_WhisperApp.swift */,
				44EB01342C45AED100120240 /* Assets.xcassets */,
				44EB01362C45AED100120240 /* Preview Content */,
				446315A52CC5944A008EB068 /* NetworkCalls */,
			);
			path = "Zodiac Whisper";
			sourceTree = "<group>";
		};
		44EB01362C45AED100120240 /* Preview Content */ = {
			isa = PBXGroup;
			children = (
				44EB01372C45AED100120240 /* Preview Assets.xcassets */,
			);
			path = "Preview Content";
			sourceTree = "<group>";
		};
		44EB01402C45AED100120240 /* Zodiac WhisperTests */ = {
			isa = PBXGroup;
			children = (
				44284B712C8108AF00D14989 /* SnapshotTests */,
				44EB01412C45AED100120240 /* Zodiac_WhisperTests.swift */,
				446315AA2CC5945A008EB068 /* Mocks */,
				446315AC2CC5945A008EB068 /* ViewModelTests */,
			);
			path = "Zodiac WhisperTests";
			sourceTree = "<group>";
		};
		44EB014A2C45AED100120240 /* Zodiac WhisperUITests */ = {
			isa = PBXGroup;
			children = (
				44EB014B2C45AED100120240 /* Zodiac_WhisperUITests.swift */,
				44EB014D2C45AED100120240 /* Zodiac_WhisperUITestsLaunchTests.swift */,
			);
			path = "Zodiac WhisperUITests";
			sourceTree = "<group>";
		};
		44EB015A2C45AF5900120240 /* Fonts */ = {
			isa = PBXGroup;
			children = (
				44EB015E2C45B1FD00120240 /* Uphoria Endeavour - Demo.ttf */,
				44EB015B2C45AF7000120240 /* anti-design.ttf */,
			);
			path = Fonts;
			sourceTree = "<group>";
		};
/* End PBXGroup section */

/* Begin PBXNativeTarget section */
		44EB012C2C45AECE00120240 /* Zodiac Whisper */ = {
			isa = PBXNativeTarget;
			buildConfigurationList = 44EB01512C45AED100120240 /* Build configuration list for PBXNativeTarget "Zodiac Whisper" */;
			buildPhases = (
				44EB01292C45AECE00120240 /* Sources */,
				44EB012A2C45AECE00120240 /* Frameworks */,
				44EB012B2C45AECE00120240 /* Resources */,
			);
			buildRules = (
			);
			dependencies = (
			);
			name = "Zodiac Whisper";
			productName = "Zodiac Whisper";
			productReference = 44EB012D2C45AECE00120240 /* Zodiac Whisper.app */;
			productType = "com.apple.product-type.application";
		};
		44EB013C2C45AED100120240 /* Zodiac WhisperTests */ = {
			isa = PBXNativeTarget;
			buildConfigurationList = 44EB01542C45AED100120240 /* Build configuration list for PBXNativeTarget "Zodiac WhisperTests" */;
			buildPhases = (
				44EB01392C45AED100120240 /* Sources */,
				44EB013A2C45AED100120240 /* Frameworks */,
				44EB013B2C45AED100120240 /* Resources */,
			);
			buildRules = (
			);
			dependencies = (
				44EB013F2C45AED100120240 /* PBXTargetDependency */,
			);
			name = "Zodiac WhisperTests";
			packageProductDependencies = (
				44E774892C810F3100BCD35D /* InlineSnapshotTesting */,
				44E7748B2C810F3100BCD35D /* SnapshotTesting */,
			);
			productName = "Zodiac WhisperTests";
			productReference = 44EB013D2C45AED100120240 /* Zodiac WhisperTests.xctest */;
			productType = "com.apple.product-type.bundle.unit-test";
		};
		44EB01462C45AED100120240 /* Zodiac WhisperUITests */ = {
			isa = PBXNativeTarget;
			buildConfigurationList = 44EB01572C45AED100120240 /* Build configuration list for PBXNativeTarget "Zodiac WhisperUITests" */;
			buildPhases = (
				44EB01432C45AED100120240 /* Sources */,
				44EB01442C45AED100120240 /* Frameworks */,
				44EB01452C45AED100120240 /* Resources */,
			);
			buildRules = (
			);
			dependencies = (
				44EB01492C45AED100120240 /* PBXTargetDependency */,
			);
			name = "Zodiac WhisperUITests";
			productName = "Zodiac WhisperUITests";
			productReference = 44EB01472C45AED100120240 /* Zodiac WhisperUITests.xctest */;
			productType = "com.apple.product-type.bundle.ui-testing";
		};
/* End PBXNativeTarget section */

/* Begin PBXProject section */
		44EB01252C45AECE00120240 /* Project object */ = {
			isa = PBXProject;
			attributes = {
				BuildIndependentTargetsInParallel = 1;
				LastSwiftUpdateCheck = 1540;
				LastUpgradeCheck = 1540;
				TargetAttributes = {
					44EB012C2C45AECE00120240 = {
						CreatedOnToolsVersion = 15.4;
					};
					44EB013C2C45AED100120240 = {
						CreatedOnToolsVersion = 15.4;
						TestTargetID = 44EB012C2C45AECE00120240;
					};
					44EB01462C45AED100120240 = {
						CreatedOnToolsVersion = 15.4;
						TestTargetID = 44EB012C2C45AECE00120240;
					};
				};
			};
			buildConfigurationList = 44EB01282C45AECE00120240 /* Build configuration list for PBXProject "Zodiac Whisper" */;
			compatibilityVersion = "Xcode 14.0";
			developmentRegion = en;
			hasScannedForEncodings = 0;
			knownRegions = (
				en,
				Base,
			);
			mainGroup = 44EB01242C45AECE00120240;
			packageReferences = (
				44E774882C810F3100BCD35D /* XCRemoteSwiftPackageReference "swift-snapshot-testing" */,
				444DE4832CC6EDFB00020701 /* XCRemoteSwiftPackageReference "ZodiacKit" */,
			);
			productRefGroup = 44EB012E2C45AECE00120240 /* Products */;
			projectDirPath = "";
			projectRoot = "";
			targets = (
				44EB012C2C45AECE00120240 /* Zodiac Whisper */,
				44EB013C2C45AED100120240 /* Zodiac WhisperTests */,
				44EB01462C45AED100120240 /* Zodiac WhisperUITests */,
			);
		};
/* End PBXProject section */

/* Begin PBXResourcesBuildPhase section */
		44EB012B2C45AECE00120240 /* Resources */ = {
			isa = PBXResourcesBuildPhase;
			buildActionMask = 2147483647;
			files = (
				44EB01382C45AED100120240 /* Preview Assets.xcassets in Resources */,
				44EB01352C45AED100120240 /* Assets.xcassets in Resources */,
				44EB015C2C45AF7000120240 /* anti-design.ttf in Resources */,
				44EB015F2C45B1FD00120240 /* Uphoria Endeavour - Demo.ttf in Resources */,
			);
			runOnlyForDeploymentPostprocessing = 0;
		};
		44EB013B2C45AED100120240 /* Resources */ = {
			isa = PBXResourcesBuildPhase;
			buildActionMask = 2147483647;
			files = (
			);
			runOnlyForDeploymentPostprocessing = 0;
		};
		44EB01452C45AED100120240 /* Resources */ = {
			isa = PBXResourcesBuildPhase;
			buildActionMask = 2147483647;
			files = (
			);
			runOnlyForDeploymentPostprocessing = 0;
		};
/* End PBXResourcesBuildPhase section */

/* Begin PBXSourcesBuildPhase section */
		44EB01292C45AECE00120240 /* Sources */ = {
			isa = PBXSourcesBuildPhase;
			buildActionMask = 2147483647;
			files = (
				446315A62CC5944A008EB068 /* DailyHoroscopeRepository.swift in Sources */,
				447B84C02CBDAB4A00B91B8A /* DailyZodiacView.swift in Sources */,
				449415BC2CA00B9300080EE1 /* ChooseZodiacSignView.swift in Sources */,
				449415C32CA0445400080EE1 /* DailyHoroscope.swift in Sources */,
				44284B6D2C80F33900D14989 /* BackgroundView.swift in Sources */,
				449415C62CA0454500080EE1 /* NetworkManager.swift in Sources */,
				446315B22CC6DDA0008EB068 /* ZodiacSigns.swift in Sources */,
				44EB01332C45AECE00120240 /* MainPageView.swift in Sources */,
				449415C02CA02B4100080EE1 /* ZodiacViewModel.swift in Sources */,
				446315B42CC6DEA0008EB068 /* FindZodiacView.swift in Sources */,
				44EB01312C45AECE00120240 /* Zodiac_WhisperApp.swift in Sources */,
			);
			runOnlyForDeploymentPostprocessing = 0;
		};
		44EB01392C45AED100120240 /* Sources */ = {
			isa = PBXSourcesBuildPhase;
			buildActionMask = 2147483647;
			files = (
				44E7748E2C810FA800BCD35D /* View+toVC.swift in Sources */,
				44284B732C8108CC00D14989 /* SnapshotTests.swift in Sources */,
				446315AD2CC5945A008EB068 /* RepositoryMock.swift in Sources */,
				446315AE2CC5945A008EB068 /* ZodiacViewModelTest.swift in Sources */,
				446315AF2CC5945A008EB068 /* ErrorMock.swift in Sources */,
				446315B02CC5945A008EB068 /* ModelMocks.swift in Sources */,
				44EB01422C45AED100120240 /* Zodiac_WhisperTests.swift in Sources */,
			);
			runOnlyForDeploymentPostprocessing = 0;
		};
		44EB01432C45AED100120240 /* Sources */ = {
			isa = PBXSourcesBuildPhase;
			buildActionMask = 2147483647;
			files = (
				44EB014C2C45AED100120240 /* Zodiac_WhisperUITests.swift in Sources */,
				44EB014E2C45AED100120240 /* Zodiac_WhisperUITestsLaunchTests.swift in Sources */,
			);
			runOnlyForDeploymentPostprocessing = 0;
		};
/* End PBXSourcesBuildPhase section */

/* Begin PBXTargetDependency section */
		44EB013F2C45AED100120240 /* PBXTargetDependency */ = {
			isa = PBXTargetDependency;
			target = 44EB012C2C45AECE00120240 /* Zodiac Whisper */;
			targetProxy = 44EB013E2C45AED100120240 /* PBXContainerItemProxy */;
		};
		44EB01492C45AED100120240 /* PBXTargetDependency */ = {
			isa = PBXTargetDependency;
			target = 44EB012C2C45AECE00120240 /* Zodiac Whisper */;
			targetProxy = 44EB01482C45AED100120240 /* PBXContainerItemProxy */;
		};
/* End PBXTargetDependency section */

/* Begin XCBuildConfiguration section */
		44EB014F2C45AED100120240 /* Debug */ = {
			isa = XCBuildConfiguration;
			buildSettings = {
				ALWAYS_SEARCH_USER_PATHS = NO;
				ASSETCATALOG_COMPILER_GENERATE_SWIFT_ASSET_SYMBOL_EXTENSIONS = YES;
				CLANG_ANALYZER_NONNULL = YES;
				CLANG_ANALYZER_NUMBER_OBJECT_CONVERSION = YES_AGGRESSIVE;
				CLANG_CXX_LANGUAGE_STANDARD = "gnu++20";
				CLANG_ENABLE_MODULES = YES;
				CLANG_ENABLE_OBJC_ARC = YES;
				CLANG_ENABLE_OBJC_WEAK = YES;
				CLANG_WARN_BLOCK_CAPTURE_AUTORELEASING = YES;
				CLANG_WARN_BOOL_CONVERSION = YES;
				CLANG_WARN_COMMA = YES;
				CLANG_WARN_CONSTANT_CONVERSION = YES;
				CLANG_WARN_DEPRECATED_OBJC_IMPLEMENTATIONS = YES;
				CLANG_WARN_DIRECT_OBJC_ISA_USAGE = YES_ERROR;
				CLANG_WARN_DOCUMENTATION_COMMENTS = YES;
				CLANG_WARN_EMPTY_BODY = YES;
				CLANG_WARN_ENUM_CONVERSION = YES;
				CLANG_WARN_INFINITE_RECURSION = YES;
				CLANG_WARN_INT_CONVERSION = YES;
				CLANG_WARN_NON_LITERAL_NULL_CONVERSION = YES;
				CLANG_WARN_OBJC_IMPLICIT_RETAIN_SELF = YES;
				CLANG_WARN_OBJC_LITERAL_CONVERSION = YES;
				CLANG_WARN_OBJC_ROOT_CLASS = YES_ERROR;
				CLANG_WARN_QUOTED_INCLUDE_IN_FRAMEWORK_HEADER = YES;
				CLANG_WARN_RANGE_LOOP_ANALYSIS = YES;
				CLANG_WARN_STRICT_PROTOTYPES = YES;
				CLANG_WARN_SUSPICIOUS_MOVE = YES;
				CLANG_WARN_UNGUARDED_AVAILABILITY = YES_AGGRESSIVE;
				CLANG_WARN_UNREACHABLE_CODE = YES;
				CLANG_WARN__DUPLICATE_METHOD_MATCH = YES;
				COPY_PHASE_STRIP = NO;
				DEBUG_INFORMATION_FORMAT = dwarf;
				ENABLE_STRICT_OBJC_MSGSEND = YES;
				ENABLE_TESTABILITY = YES;
				ENABLE_USER_SCRIPT_SANDBOXING = YES;
				GCC_C_LANGUAGE_STANDARD = gnu17;
				GCC_DYNAMIC_NO_PIC = NO;
				GCC_NO_COMMON_BLOCKS = YES;
				GCC_OPTIMIZATION_LEVEL = 0;
				GCC_PREPROCESSOR_DEFINITIONS = (
					"DEBUG=1",
					"$(inherited)",
				);
				GCC_WARN_64_TO_32_BIT_CONVERSION = YES;
				GCC_WARN_ABOUT_RETURN_TYPE = YES_ERROR;
				GCC_WARN_UNDECLARED_SELECTOR = YES;
				GCC_WARN_UNINITIALIZED_AUTOS = YES_AGGRESSIVE;
				GCC_WARN_UNUSED_FUNCTION = YES;
				GCC_WARN_UNUSED_VARIABLE = YES;
				IPHONEOS_DEPLOYMENT_TARGET = 17.5;
				LOCALIZATION_PREFERS_STRING_CATALOGS = YES;
				MTL_ENABLE_DEBUG_INFO = INCLUDE_SOURCE;
				MTL_FAST_MATH = YES;
				ONLY_ACTIVE_ARCH = YES;
				SDKROOT = iphoneos;
				SWIFT_ACTIVE_COMPILATION_CONDITIONS = "DEBUG $(inherited)";
				SWIFT_OPTIMIZATION_LEVEL = "-Onone";
			};
			name = Debug;
		};
		44EB01502C45AED100120240 /* Release */ = {
			isa = XCBuildConfiguration;
			buildSettings = {
				ALWAYS_SEARCH_USER_PATHS = NO;
				ASSETCATALOG_COMPILER_GENERATE_SWIFT_ASSET_SYMBOL_EXTENSIONS = YES;
				CLANG_ANALYZER_NONNULL = YES;
				CLANG_ANALYZER_NUMBER_OBJECT_CONVERSION = YES_AGGRESSIVE;
				CLANG_CXX_LANGUAGE_STANDARD = "gnu++20";
				CLANG_ENABLE_MODULES = YES;
				CLANG_ENABLE_OBJC_ARC = YES;
				CLANG_ENABLE_OBJC_WEAK = YES;
				CLANG_WARN_BLOCK_CAPTURE_AUTORELEASING = YES;
				CLANG_WARN_BOOL_CONVERSION = YES;
				CLANG_WARN_COMMA = YES;
				CLANG_WARN_CONSTANT_CONVERSION = YES;
				CLANG_WARN_DEPRECATED_OBJC_IMPLEMENTATIONS = YES;
				CLANG_WARN_DIRECT_OBJC_ISA_USAGE = YES_ERROR;
				CLANG_WARN_DOCUMENTATION_COMMENTS = YES;
				CLANG_WARN_EMPTY_BODY = YES;
				CLANG_WARN_ENUM_CONVERSION = YES;
				CLANG_WARN_INFINITE_RECURSION = YES;
				CLANG_WARN_INT_CONVERSION = YES;
				CLANG_WARN_NON_LITERAL_NULL_CONVERSION = YES;
				CLANG_WARN_OBJC_IMPLICIT_RETAIN_SELF = YES;
				CLANG_WARN_OBJC_LITERAL_CONVERSION = YES;
				CLANG_WARN_OBJC_ROOT_CLASS = YES_ERROR;
				CLANG_WARN_QUOTED_INCLUDE_IN_FRAMEWORK_HEADER = YES;
				CLANG_WARN_RANGE_LOOP_ANALYSIS = YES;
				CLANG_WARN_STRICT_PROTOTYPES = YES;
				CLANG_WARN_SUSPICIOUS_MOVE = YES;
				CLANG_WARN_UNGUARDED_AVAILABILITY = YES_AGGRESSIVE;
				CLANG_WARN_UNREACHABLE_CODE = YES;
				CLANG_WARN__DUPLICATE_METHOD_MATCH = YES;
				COPY_PHASE_STRIP = NO;
				DEBUG_INFORMATION_FORMAT = "dwarf-with-dsym";
				ENABLE_NS_ASSERTIONS = NO;
				ENABLE_STRICT_OBJC_MSGSEND = YES;
				ENABLE_USER_SCRIPT_SANDBOXING = YES;
				GCC_C_LANGUAGE_STANDARD = gnu17;
				GCC_NO_COMMON_BLOCKS = YES;
				GCC_WARN_64_TO_32_BIT_CONVERSION = YES;
				GCC_WARN_ABOUT_RETURN_TYPE = YES_ERROR;
				GCC_WARN_UNDECLARED_SELECTOR = YES;
				GCC_WARN_UNINITIALIZED_AUTOS = YES_AGGRESSIVE;
				GCC_WARN_UNUSED_FUNCTION = YES;
				GCC_WARN_UNUSED_VARIABLE = YES;
				IPHONEOS_DEPLOYMENT_TARGET = 17.5;
				LOCALIZATION_PREFERS_STRING_CATALOGS = YES;
				MTL_ENABLE_DEBUG_INFO = NO;
				MTL_FAST_MATH = YES;
				SDKROOT = iphoneos;
				SWIFT_COMPILATION_MODE = wholemodule;
				VALIDATE_PRODUCT = YES;
			};
			name = Release;
		};
		44EB01522C45AED100120240 /* Debug */ = {
			isa = XCBuildConfiguration;
			buildSettings = {
				ASSETCATALOG_COMPILER_APPICON_NAME = AppIcon;
				ASSETCATALOG_COMPILER_GLOBAL_ACCENT_COLOR_NAME = beige;
				CODE_SIGN_STYLE = Automatic;
				CURRENT_PROJECT_VERSION = 1;
				DEVELOPMENT_ASSET_PATHS = "\"Zodiac Whisper/Preview Content\"";
				DEVELOPMENT_TEAM = 2V9NZRN27H;
				ENABLE_PREVIEWS = YES;
				GENERATE_INFOPLIST_FILE = YES;
				INFOPLIST_FILE = "Zodiac-Whisper-Info.plist";
				INFOPLIST_KEY_UIApplicationSceneManifest_Generation = YES;
				INFOPLIST_KEY_UIApplicationSupportsIndirectInputEvents = YES;
				INFOPLIST_KEY_UILaunchScreen_Generation = YES;
				INFOPLIST_KEY_UISupportedInterfaceOrientations_iPad = "UIInterfaceOrientationPortrait UIInterfaceOrientationPortraitUpsideDown UIInterfaceOrientationLandscapeLeft UIInterfaceOrientationLandscapeRight";
				INFOPLIST_KEY_UISupportedInterfaceOrientations_iPhone = "UIInterfaceOrientationPortrait UIInterfaceOrientationLandscapeLeft UIInterfaceOrientationLandscapeRight";
				LD_RUNPATH_SEARCH_PATHS = (
					"$(inherited)",
					"@executable_path/Frameworks",
				);
				MARKETING_VERSION = 1.0;
				PRODUCT_BUNDLE_IDENTIFIER = "adrkam.Zodiac-Whisper";
				PRODUCT_NAME = "$(TARGET_NAME)";
				SWIFT_EMIT_LOC_STRINGS = YES;
				SWIFT_VERSION = 5.0;
				TARGETED_DEVICE_FAMILY = "1,2";
			};
			name = Debug;
		};
		44EB01532C45AED100120240 /* Release */ = {
			isa = XCBuildConfiguration;
			buildSettings = {
				ASSETCATALOG_COMPILER_APPICON_NAME = AppIcon;
				ASSETCATALOG_COMPILER_GLOBAL_ACCENT_COLOR_NAME = beige;
				CODE_SIGN_STYLE = Automatic;
				CURRENT_PROJECT_VERSION = 1;
				DEVELOPMENT_ASSET_PATHS = "\"Zodiac Whisper/Preview Content\"";
				DEVELOPMENT_TEAM = 2V9NZRN27H;
				ENABLE_PREVIEWS = YES;
				GENERATE_INFOPLIST_FILE = YES;
				INFOPLIST_FILE = "Zodiac-Whisper-Info.plist";
				INFOPLIST_KEY_UIApplicationSceneManifest_Generation = YES;
				INFOPLIST_KEY_UIApplicationSupportsIndirectInputEvents = YES;
				INFOPLIST_KEY_UILaunchScreen_Generation = YES;
				INFOPLIST_KEY_UISupportedInterfaceOrientations_iPad = "UIInterfaceOrientationPortrait UIInterfaceOrientationPortraitUpsideDown UIInterfaceOrientationLandscapeLeft UIInterfaceOrientationLandscapeRight";
				INFOPLIST_KEY_UISupportedInterfaceOrientations_iPhone = "UIInterfaceOrientationPortrait UIInterfaceOrientationLandscapeLeft UIInterfaceOrientationLandscapeRight";
				LD_RUNPATH_SEARCH_PATHS = (
					"$(inherited)",
					"@executable_path/Frameworks",
				);
				MARKETING_VERSION = 1.0;
				PRODUCT_BUNDLE_IDENTIFIER = "adrkam.Zodiac-Whisper";
				PRODUCT_NAME = "$(TARGET_NAME)";
				SWIFT_EMIT_LOC_STRINGS = YES;
				SWIFT_VERSION = 5.0;
				TARGETED_DEVICE_FAMILY = "1,2";
			};
			name = Release;
		};
		44EB01552C45AED100120240 /* Debug */ = {
			isa = XCBuildConfiguration;
			buildSettings = {
				ALWAYS_EMBED_SWIFT_STANDARD_LIBRARIES = YES;
				BUNDLE_LOADER = "$(TEST_HOST)";
				CODE_SIGN_STYLE = Automatic;
				CURRENT_PROJECT_VERSION = 1;
				DEVELOPMENT_TEAM = 2V9NZRN27H;
				GENERATE_INFOPLIST_FILE = YES;
				IPHONEOS_DEPLOYMENT_TARGET = 17.5;
				MARKETING_VERSION = 1.0;
				PRODUCT_BUNDLE_IDENTIFIER = "adrkam.Zodiac-WhisperTests";
				PRODUCT_NAME = "$(TARGET_NAME)";
				SWIFT_EMIT_LOC_STRINGS = NO;
				SWIFT_VERSION = 5.0;
				TARGETED_DEVICE_FAMILY = "1,2";
				TEST_HOST = "$(BUILT_PRODUCTS_DIR)/Zodiac Whisper.app/$(BUNDLE_EXECUTABLE_FOLDER_PATH)/Zodiac Whisper";
			};
			name = Debug;
		};
		44EB01562C45AED100120240 /* Release */ = {
			isa = XCBuildConfiguration;
			buildSettings = {
				ALWAYS_EMBED_SWIFT_STANDARD_LIBRARIES = YES;
				BUNDLE_LOADER = "$(TEST_HOST)";
				CODE_SIGN_STYLE = Automatic;
				CURRENT_PROJECT_VERSION = 1;
				DEVELOPMENT_TEAM = 2V9NZRN27H;
				GENERATE_INFOPLIST_FILE = YES;
				IPHONEOS_DEPLOYMENT_TARGET = 17.5;
				MARKETING_VERSION = 1.0;
				PRODUCT_BUNDLE_IDENTIFIER = "adrkam.Zodiac-WhisperTests";
				PRODUCT_NAME = "$(TARGET_NAME)";
				SWIFT_EMIT_LOC_STRINGS = NO;
				SWIFT_VERSION = 5.0;
				TARGETED_DEVICE_FAMILY = "1,2";
				TEST_HOST = "$(BUILT_PRODUCTS_DIR)/Zodiac Whisper.app/$(BUNDLE_EXECUTABLE_FOLDER_PATH)/Zodiac Whisper";
			};
			name = Release;
		};
		44EB01582C45AED100120240 /* Debug */ = {
			isa = XCBuildConfiguration;
			buildSettings = {
				ALWAYS_EMBED_SWIFT_STANDARD_LIBRARIES = YES;
				CODE_SIGN_STYLE = Automatic;
				CURRENT_PROJECT_VERSION = 1;
				DEVELOPMENT_TEAM = 2V9NZRN27H;
				GENERATE_INFOPLIST_FILE = YES;
				MARKETING_VERSION = 1.0;
				PRODUCT_BUNDLE_IDENTIFIER = "adrkam.Zodiac-WhisperUITests";
				PRODUCT_NAME = "$(TARGET_NAME)";
				SWIFT_EMIT_LOC_STRINGS = NO;
				SWIFT_VERSION = 5.0;
				TARGETED_DEVICE_FAMILY = "1,2";
				TEST_TARGET_NAME = "Zodiac Whisper";
			};
			name = Debug;
		};
		44EB01592C45AED100120240 /* Release */ = {
			isa = XCBuildConfiguration;
			buildSettings = {
				ALWAYS_EMBED_SWIFT_STANDARD_LIBRARIES = YES;
				CODE_SIGN_STYLE = Automatic;
				CURRENT_PROJECT_VERSION = 1;
				DEVELOPMENT_TEAM = 2V9NZRN27H;
				GENERATE_INFOPLIST_FILE = YES;
				MARKETING_VERSION = 1.0;
				PRODUCT_BUNDLE_IDENTIFIER = "adrkam.Zodiac-WhisperUITests";
				PRODUCT_NAME = "$(TARGET_NAME)";
				SWIFT_EMIT_LOC_STRINGS = NO;
				SWIFT_VERSION = 5.0;
				TARGETED_DEVICE_FAMILY = "1,2";
				TEST_TARGET_NAME = "Zodiac Whisper";
			};
			name = Release;
		};
/* End XCBuildConfiguration section */

/* Begin XCConfigurationList section */
		44EB01282C45AECE00120240 /* Build configuration list for PBXProject "Zodiac Whisper" */ = {
			isa = XCConfigurationList;
			buildConfigurations = (
				44EB014F2C45AED100120240 /* Debug */,
				44EB01502C45AED100120240 /* Release */,
			);
			defaultConfigurationIsVisible = 0;
			defaultConfigurationName = Release;
		};
		44EB01512C45AED100120240 /* Build configuration list for PBXNativeTarget "Zodiac Whisper" */ = {
			isa = XCConfigurationList;
			buildConfigurations = (
				44EB01522C45AED100120240 /* Debug */,
				44EB01532C45AED100120240 /* Release */,
			);
			defaultConfigurationIsVisible = 0;
			defaultConfigurationName = Release;
		};
		44EB01542C45AED100120240 /* Build configuration list for PBXNativeTarget "Zodiac WhisperTests" */ = {
			isa = XCConfigurationList;
			buildConfigurations = (
				44EB01552C45AED100120240 /* Debug */,
				44EB01562C45AED100120240 /* Release */,
			);
			defaultConfigurationIsVisible = 0;
			defaultConfigurationName = Release;
		};
		44EB01572C45AED100120240 /* Build configuration list for PBXNativeTarget "Zodiac WhisperUITests" */ = {
			isa = XCConfigurationList;
			buildConfigurations = (
				44EB01582C45AED100120240 /* Debug */,
				44EB01592C45AED100120240 /* Release */,
			);
			defaultConfigurationIsVisible = 0;
			defaultConfigurationName = Release;
		};
/* End XCConfigurationList section */

/* Begin XCRemoteSwiftPackageReference section */
		444DE4832CC6EDFB00020701 /* XCRemoteSwiftPackageReference "ZodiacKit" */ = {
			isa = XCRemoteSwiftPackageReference;
			repositoryURL = "https://github.com/markbattistella/ZodiacKit";
			requirement = {
				kind = upToNextMajorVersion;
				minimumVersion = 2.1.1;
			};
		};
		44E774882C810F3100BCD35D /* XCRemoteSwiftPackageReference "swift-snapshot-testing" */ = {
			isa = XCRemoteSwiftPackageReference;
			repositoryURL = "https://github.com/pointfreeco/swift-snapshot-testing.git";
			requirement = {
				kind = upToNextMajorVersion;
				minimumVersion = 1.17.4;
			};
		};
/* End XCRemoteSwiftPackageReference section */

/* Begin XCSwiftPackageProductDependency section */
		444DE4842CC6EDFB00020701 /* ZodiacKit */ = {
			isa = XCSwiftPackageProductDependency;
			package = 444DE4832CC6EDFB00020701 /* XCRemoteSwiftPackageReference "ZodiacKit" */;
			productName = ZodiacKit;
		};
		44E774892C810F3100BCD35D /* InlineSnapshotTesting */ = {
			isa = XCSwiftPackageProductDependency;
			package = 44E774882C810F3100BCD35D /* XCRemoteSwiftPackageReference "swift-snapshot-testing" */;
			productName = InlineSnapshotTesting;
		};
		44E7748B2C810F3100BCD35D /* SnapshotTesting */ = {
			isa = XCSwiftPackageProductDependency;
			package = 44E774882C810F3100BCD35D /* XCRemoteSwiftPackageReference "swift-snapshot-testing" */;
			productName = SnapshotTesting;
		};
/* End XCSwiftPackageProductDependency section */
	};
	rootObject = 44EB01252C45AECE00120240 /* Project object */;
}
